
Microsoft Visual Studio Solution File, Format Version 12.00
# Visual Studio 15
VisualStudioVersion = 15.0.27703.2035
MinimumVisualStudioVersion = 10.0.40219.1
Project("{FAE04EC0-301F-11D3-BF4B-00C04F79EFBC}") = "ShorQsharp", "ShorQsharp.csproj", "{A47DB7CD-BFE8-408C-8BFD-892264ED2888}"
EndProject
Global
	GlobalSection(SolutionConfigurationPlatforms) = preSolution
		Debug|Any CPU = Debug|Any CPU
		Release|Any CPU = Release|Any CPU
	EndGlobalSection
	GlobalSection(ProjectConfigurationPlatforms) = postSolution
		{A47DB7CD-BFE8-408C-8BFD-892264ED2888}.Debug|Any CPU.ActiveCfg = Debug|Any CPU
		{A47DB7CD-BFE8-408C-8BFD-892264ED2888}.Debug|Any CPU.Build.0 = Debug|Any CPU
		{A47DB7CD-BFE8-408C-8BFD-892264ED2888}.Release|Any CPU.ActiveCfg = Release|Any CPU
		{A47DB7CD-BFE8-408C-8BFD-892264ED2888}.Release|Any CPU.Build.0 = Release|Any CPU
	EndGlobalSection
	GlobalSection(SolutionProperties) = preSolution
		HideSolutionNode = FALSE
	EndGlobalSection
	GlobalSection(ExtensibilityGlobals) = postSolution
		SolutionGuid = {FFFB9C49-979C-455B-834C-B1B7B3D61F77}
	EndGlobalSection
EndGlobal
